
Microsoft Visual Studio Solution File, Format Version 12.00
# Visual Studio Version 17
VisualStudioVersion = 17.4.33205.214
MinimumVisualStudioVersion = 10.0.40219.1
Project("{FAE04EC0-301F-11D3-BF4B-00C04F79EFBC}") = "Bau_36365", "Bau_36365\Bau_36365.csproj", "{EE7A5A86-8C22-4ABE-94E6-1E72E3188470}"
EndProject
Global
	GlobalSection(SolutionConfigurationPlatforms) = preSolution
		Debug|Any CPU = Debug|Any CPU
		Release|Any CPU = Release|Any CPU
	EndGlobalSection
	GlobalSection(ProjectConfigurationPlatforms) = postSolution
		{EE7A5A86-8C22-4ABE-94E6-1E72E3188470}.Debug|Any CPU.ActiveCfg = Debug|Any CPU
		{EE7A5A86-8C22-4ABE-94E6-1E72E3188470}.Debug|Any CPU.Build.0 = Debug|Any CPU
		{EE7A5A86-8C22-4ABE-94E6-1E72E3188470}.Release|Any CPU.ActiveCfg = Release|Any CPU
		{EE7A5A86-8C22-4ABE-94E6-1E72E3188470}.Release|Any CPU.Build.0 = Release|Any CPU
	EndGlobalSection
	GlobalSection(SolutionProperties) = preSolution
		HideSolutionNode = FALSE
	EndGlobalSection
	GlobalSection(ExtensibilityGlobals) = postSolution
		SolutionGuid = {19261024-32CC-449E-B4F4-B654063C2071}
	EndGlobalSection
EndGlobal
